// !$*UTF8*$!
{
	archiveVersion = 1;
	classes = {
	};
	objectVersion = 51;
	objects = {

/* Begin PBXBuildFile section */
		25767B5E23D478580024CAD9 /* AppDelegate.swift in Sources */ = {isa = PBXBuildFile; fileRef = 25767B5D23D478580024CAD9 /* AppDelegate.swift */; };
		25767B6023D478580024CAD9 /* SceneDelegate.swift in Sources */ = {isa = PBXBuildFile; fileRef = 25767B5F23D478580024CAD9 /* SceneDelegate.swift */; };
		25767B6223D478580024CAD9 /* ViewController.swift in Sources */ = {isa = PBXBuildFile; fileRef = 25767B6123D478580024CAD9 /* ViewController.swift */; };
		25767B6523D478580024CAD9 /* Main.storyboard in Resources */ = {isa = PBXBuildFile; fileRef = 25767B6323D478580024CAD9 /* Main.storyboard */; };
		25767B6723D478580024CAD9 /* Assets.xcassets in Resources */ = {isa = PBXBuildFile; fileRef = 25767B6623D478580024CAD9 /* Assets.xcassets */; };
		25767B6A23D478590024CAD9 /* LaunchScreen.storyboard in Resources */ = {isa = PBXBuildFile; fileRef = 25767B6823D478590024CAD9 /* LaunchScreen.storyboard */; };
		25767B7523D478590024CAD9 /* MVVM_CTests.swift in Sources */ = {isa = PBXBuildFile; fileRef = 25767B7423D478590024CAD9 /* MVVM_CTests.swift */; };
		25767B8023D478590024CAD9 /* MVVM_CUITests.swift in Sources */ = {isa = PBXBuildFile; fileRef = 25767B7F23D478590024CAD9 /* MVVM_CUITests.swift */; };
		25767B9423D487D30024CAD9 /* RxSwift.framework in Frameworks */ = {isa = PBXBuildFile; fileRef = 25767B8F23D487D30024CAD9 /* RxSwift.framework */; };
		25767B9623D487D30024CAD9 /* RxDataSources.framework in Frameworks */ = {isa = PBXBuildFile; fileRef = 25767B9023D487D30024CAD9 /* RxDataSources.framework */; };
		25767B9823D487D30024CAD9 /* RxCocoa.framework in Frameworks */ = {isa = PBXBuildFile; fileRef = 25767B9123D487D30024CAD9 /* RxCocoa.framework */; };
		25767B9D23D48A230024CAD9 /* input.xcfilelist in Resources */ = {isa = PBXBuildFile; fileRef = 25767B9C23D48A230024CAD9 /* input.xcfilelist */; };
		25767BA023D48AA00024CAD9 /* output.xcfilelist in Resources */ = {isa = PBXBuildFile; fileRef = 25767B9F23D48AA00024CAD9 /* output.xcfilelist */; };
		25767BA123D48F5E0024CAD9 /* Differentiator.framework in Frameworks */ = {isa = PBXBuildFile; fileRef = 25767B8E23D487D30024CAD9 /* Differentiator.framework */; };
		2586246323D71F3D00500030 /* RecordViewController.swift in Sources */ = {isa = PBXBuildFile; fileRef = 2586246223D71F3D00500030 /* RecordViewController.swift */; };
		259D62B623D5CC1B00579F9F /* Utilities.swift in Sources */ = {isa = PBXBuildFile; fileRef = 259D62B523D5CC1B00579F9F /* Utilities.swift */; };
		259D62B823D5CC2000579F9F /* Recorder.swift in Sources */ = {isa = PBXBuildFile; fileRef = 259D62B723D5CC2000579F9F /* Recorder.swift */; };
		259D62BA23D5CC2300579F9F /* Player.swift in Sources */ = {isa = PBXBuildFile; fileRef = 259D62B923D5CC2300579F9F /* Player.swift */; };
/* End PBXBuildFile section */

/* Begin PBXContainerItemProxy section */
		25767B7123D478590024CAD9 /* PBXContainerItemProxy */ = {
			isa = PBXContainerItemProxy;
			containerPortal = 25767B5223D478580024CAD9 /* Project object */;
			proxyType = 1;
			remoteGlobalIDString = 25767B5923D478580024CAD9;
			remoteInfo = "MVVM-C";
		};
		25767B7C23D478590024CAD9 /* PBXContainerItemProxy */ = {
			isa = PBXContainerItemProxy;
			containerPortal = 25767B5223D478580024CAD9 /* Project object */;
			proxyType = 1;
			remoteGlobalIDString = 25767B5923D478580024CAD9;
			remoteInfo = "MVVM-C";
		};
/* End PBXContainerItemProxy section */

/* Begin PBXFileReference section */
		25767B5A23D478580024CAD9 /* MVVM-C.app */ = {isa = PBXFileReference; explicitFileType = wrapper.application; includeInIndex = 0; path = "MVVM-C.app"; sourceTree = BUILT_PRODUCTS_DIR; };
		25767B5D23D478580024CAD9 /* AppDelegate.swift */ = {isa = PBXFileReference; lastKnownFileType = sourcecode.swift; path = AppDelegate.swift; sourceTree = "<group>"; };
		25767B5F23D478580024CAD9 /* SceneDelegate.swift */ = {isa = PBXFileReference; lastKnownFileType = sourcecode.swift; path = SceneDelegate.swift; sourceTree = "<group>"; };
		25767B6123D478580024CAD9 /* ViewController.swift */ = {isa = PBXFileReference; lastKnownFileType = sourcecode.swift; path = ViewController.swift; sourceTree = "<group>"; };
		25767B6423D478580024CAD9 /* Base */ = {isa = PBXFileReference; lastKnownFileType = file.storyboard; name = Base; path = Base.lproj/Main.storyboard; sourceTree = "<group>"; };
		25767B6623D478580024CAD9 /* Assets.xcassets */ = {isa = PBXFileReference; lastKnownFileType = folder.assetcatalog; path = Assets.xcassets; sourceTree = "<group>"; };
		25767B6923D478590024CAD9 /* Base */ = {isa = PBXFileReference; lastKnownFileType = file.storyboard; name = Base; path = Base.lproj/LaunchScreen.storyboard; sourceTree = "<group>"; };
		25767B6B23D478590024CAD9 /* Info.plist */ = {isa = PBXFileReference; lastKnownFileType = text.plist.xml; path = Info.plist; sourceTree = "<group>"; };
		25767B7023D478590024CAD9 /* MVVM-CTests.xctest */ = {isa = PBXFileReference; explicitFileType = wrapper.cfbundle; includeInIndex = 0; path = "MVVM-CTests.xctest"; sourceTree = BUILT_PRODUCTS_DIR; };
		25767B7423D478590024CAD9 /* MVVM_CTests.swift */ = {isa = PBXFileReference; lastKnownFileType = sourcecode.swift; path = MVVM_CTests.swift; sourceTree = "<group>"; };
		25767B7623D478590024CAD9 /* Info.plist */ = {isa = PBXFileReference; lastKnownFileType = text.plist.xml; path = Info.plist; sourceTree = "<group>"; };
		25767B7B23D478590024CAD9 /* MVVM-CUITests.xctest */ = {isa = PBXFileReference; explicitFileType = wrapper.cfbundle; includeInIndex = 0; path = "MVVM-CUITests.xctest"; sourceTree = BUILT_PRODUCTS_DIR; };
		25767B7F23D478590024CAD9 /* MVVM_CUITests.swift */ = {isa = PBXFileReference; lastKnownFileType = sourcecode.swift; path = MVVM_CUITests.swift; sourceTree = "<group>"; };
		25767B8123D478590024CAD9 /* Info.plist */ = {isa = PBXFileReference; lastKnownFileType = text.plist.xml; path = Info.plist; sourceTree = "<group>"; };
		25767B8E23D487D30024CAD9 /* Differentiator.framework */ = {isa = PBXFileReference; lastKnownFileType = wrapper.framework; name = Differentiator.framework; path = Carthage/Build/iOS/Differentiator.framework; sourceTree = "<group>"; };
		25767B8F23D487D30024CAD9 /* RxSwift.framework */ = {isa = PBXFileReference; lastKnownFileType = wrapper.framework; name = RxSwift.framework; path = Carthage/Build/iOS/RxSwift.framework; sourceTree = "<group>"; };
		25767B9023D487D30024CAD9 /* RxDataSources.framework */ = {isa = PBXFileReference; lastKnownFileType = wrapper.framework; name = RxDataSources.framework; path = Carthage/Build/iOS/RxDataSources.framework; sourceTree = "<group>"; };
		25767B9123D487D30024CAD9 /* RxCocoa.framework */ = {isa = PBXFileReference; lastKnownFileType = wrapper.framework; name = RxCocoa.framework; path = Carthage/Build/iOS/RxCocoa.framework; sourceTree = "<group>"; };
		25767B9C23D48A230024CAD9 /* input.xcfilelist */ = {isa = PBXFileReference; lastKnownFileType = text.xcfilelist; path = input.xcfilelist; sourceTree = "<group>"; };
		25767B9F23D48AA00024CAD9 /* output.xcfilelist */ = {isa = PBXFileReference; lastKnownFileType = text.xcfilelist; path = output.xcfilelist; sourceTree = "<group>"; };
		2586246223D71F3D00500030 /* RecordViewController.swift */ = {isa = PBXFileReference; lastKnownFileType = sourcecode.swift; path = RecordViewController.swift; sourceTree = "<group>"; };
		259D62B523D5CC1B00579F9F /* Utilities.swift */ = {isa = PBXFileReference; fileEncoding = 4; lastKnownFileType = sourcecode.swift; path = Utilities.swift; sourceTree = "<group>"; };
		259D62B723D5CC2000579F9F /* Recorder.swift */ = {isa = PBXFileReference; fileEncoding = 4; lastKnownFileType = sourcecode.swift; path = Recorder.swift; sourceTree = "<group>"; };
		259D62B923D5CC2300579F9F /* Player.swift */ = {isa = PBXFileReference; fileEncoding = 4; lastKnownFileType = sourcecode.swift; path = Player.swift; sourceTree = "<group>"; };
/* End PBXFileReference section */

/* Begin PBXFrameworksBuildPhase section */
		25767B5723D478580024CAD9 /* Frameworks */ = {
			isa = PBXFrameworksBuildPhase;
			buildActionMask = 2147483647;
			files = (
				25767B9823D487D30024CAD9 /* RxCocoa.framework in Frameworks */,
				25767B9623D487D30024CAD9 /* RxDataSources.framework in Frameworks */,
				25767BA123D48F5E0024CAD9 /* Differentiator.framework in Frameworks */,
				25767B9423D487D30024CAD9 /* RxSwift.framework in Frameworks */,
			);
			runOnlyForDeploymentPostprocessing = 0;
		};
		25767B6D23D478590024CAD9 /* Frameworks */ = {
			isa = PBXFrameworksBuildPhase;
			buildActionMask = 2147483647;
			files = (
			);
			runOnlyForDeploymentPostprocessing = 0;
		};
		25767B7823D478590024CAD9 /* Frameworks */ = {
			isa = PBXFrameworksBuildPhase;
			buildActionMask = 2147483647;
			files = (
			);
			runOnlyForDeploymentPostprocessing = 0;
		};
/* End PBXFrameworksBuildPhase section */

/* Begin PBXGroup section */
		25767B5123D478580024CAD9 = {
			isa = PBXGroup;
			children = (
				25767B5C23D478580024CAD9 /* MVVM-C */,
				25767B7323D478590024CAD9 /* MVVM-CTests */,
				25767B7E23D478590024CAD9 /* MVVM-CUITests */,
				25767B5B23D478580024CAD9 /* Products */,
				25767B8D23D487D30024CAD9 /* Frameworks */,
				25767B9E23D48A470024CAD9 /* Carthage */,
			);
			sourceTree = "<group>";
		};
		25767B5B23D478580024CAD9 /* Products */ = {
			isa = PBXGroup;
			children = (
				25767B5A23D478580024CAD9 /* MVVM-C.app */,
				25767B7023D478590024CAD9 /* MVVM-CTests.xctest */,
				25767B7B23D478590024CAD9 /* MVVM-CUITests.xctest */,
			);
			name = Products;
			sourceTree = "<group>";
		};
		25767B5C23D478580024CAD9 /* MVVM-C */ = {
			isa = PBXGroup;
			children = (
				259D62A923D5CB3300579F9F /* App+Views */,
				259D62AC23D5CBB400579F9F /* Model */,
				259D62AE23D5CBBD00579F9F /* Helpers */,
				25767B5F23D478580024CAD9 /* SceneDelegate.swift */,
				25767B6323D478580024CAD9 /* Main.storyboard */,
				25767B6823D478590024CAD9 /* LaunchScreen.storyboard */,
				25767B6623D478580024CAD9 /* Assets.xcassets */,
				25767B6B23D478590024CAD9 /* Info.plist */,
			);
			path = "MVVM-C";
			sourceTree = "<group>";
		};
		25767B7323D478590024CAD9 /* MVVM-CTests */ = {
			isa = PBXGroup;
			children = (
				25767B7423D478590024CAD9 /* MVVM_CTests.swift */,
				25767B7623D478590024CAD9 /* Info.plist */,
			);
			path = "MVVM-CTests";
			sourceTree = "<group>";
		};
		25767B7E23D478590024CAD9 /* MVVM-CUITests */ = {
			isa = PBXGroup;
			children = (
				25767B7F23D478590024CAD9 /* MVVM_CUITests.swift */,
				25767B8123D478590024CAD9 /* Info.plist */,
			);
			path = "MVVM-CUITests";
			sourceTree = "<group>";
		};
		25767B8D23D487D30024CAD9 /* Frameworks */ = {
			isa = PBXGroup;
			children = (
				25767B8E23D487D30024CAD9 /* Differentiator.framework */,
				25767B9123D487D30024CAD9 /* RxCocoa.framework */,
				25767B9023D487D30024CAD9 /* RxDataSources.framework */,
				25767B8F23D487D30024CAD9 /* RxSwift.framework */,
			);
			name = Frameworks;
			sourceTree = "<group>";
		};
		25767B9E23D48A470024CAD9 /* Carthage */ = {
			isa = PBXGroup;
			children = (
				25767B9C23D48A230024CAD9 /* input.xcfilelist */,
				25767B9F23D48AA00024CAD9 /* output.xcfilelist */,
			);
			name = Carthage;
			sourceTree = "<group>";
		};
		259D62A923D5CB3300579F9F /* App+Views */ = {
			isa = PBXGroup;
			children = (
				25767B5D23D478580024CAD9 /* AppDelegate.swift */,
				25767B6123D478580024CAD9 /* ViewController.swift */,
				2586246223D71F3D00500030 /* RecordViewController.swift */,
			);
			name = "App+Views";
			sourceTree = "<group>";
		};
		259D62AC23D5CBB400579F9F /* Model */ = {
			isa = PBXGroup;
			children = (
			);
			name = Model;
			sourceTree = "<group>";
		};
		259D62AE23D5CBBD00579F9F /* Helpers */ = {
			isa = PBXGroup;
			children = (
				259D62B923D5CC2300579F9F /* Player.swift */,
				259D62B723D5CC2000579F9F /* Recorder.swift */,
				259D62B523D5CC1B00579F9F /* Utilities.swift */,
			);
			name = Helpers;
			sourceTree = "<group>";
		};
/* End PBXGroup section */

/* Begin PBXNativeTarget section */
		25767B5923D478580024CAD9 /* MVVM-C */ = {
			isa = PBXNativeTarget;
			buildConfigurationList = 25767B8423D478590024CAD9 /* Build configuration list for PBXNativeTarget "MVVM-C" */;
			buildPhases = (
				25767B5623D478580024CAD9 /* Sources */,
				25767B5723D478580024CAD9 /* Frameworks */,
				25767B5823D478580024CAD9 /* Resources */,
				25767B9B23D488580024CAD9 /* ShellScript */,
			);
			buildRules = (
			);
			dependencies = (
			);
			name = "MVVM-C";
			productName = "MVVM-C";
			productReference = 25767B5A23D478580024CAD9 /* MVVM-C.app */;
			productType = "com.apple.product-type.application";
		};
		25767B6F23D478590024CAD9 /* MVVM-CTests */ = {
			isa = PBXNativeTarget;
			buildConfigurationList = 25767B8723D478590024CAD9 /* Build configuration list for PBXNativeTarget "MVVM-CTests" */;
			buildPhases = (
				25767B6C23D478590024CAD9 /* Sources */,
				25767B6D23D478590024CAD9 /* Frameworks */,
				25767B6E23D478590024CAD9 /* Resources */,
			);
			buildRules = (
			);
			dependencies = (
				25767B7223D478590024CAD9 /* PBXTargetDependency */,
			);
			name = "MVVM-CTests";
			productName = "MVVM-CTests";
			productReference = 25767B7023D478590024CAD9 /* MVVM-CTests.xctest */;
			productType = "com.apple.product-type.bundle.unit-test";
		};
		25767B7A23D478590024CAD9 /* MVVM-CUITests */ = {
			isa = PBXNativeTarget;
			buildConfigurationList = 25767B8A23D478590024CAD9 /* Build configuration list for PBXNativeTarget "MVVM-CUITests" */;
			buildPhases = (
				25767B7723D478590024CAD9 /* Sources */,
				25767B7823D478590024CAD9 /* Frameworks */,
				25767B7923D478590024CAD9 /* Resources */,
			);
			buildRules = (
			);
			dependencies = (
				25767B7D23D478590024CAD9 /* PBXTargetDependency */,
			);
			name = "MVVM-CUITests";
			productName = "MVVM-CUITests";
			productReference = 25767B7B23D478590024CAD9 /* MVVM-CUITests.xctest */;
			productType = "com.apple.product-type.bundle.ui-testing";
		};
/* End PBXNativeTarget section */

/* Begin PBXProject section */
		25767B5223D478580024CAD9 /* Project object */ = {
			isa = PBXProject;
			attributes = {
				LastSwiftUpdateCheck = 1130;
				LastUpgradeCheck = 1130;
				ORGANIZATIONNAME = "Xavier Niu";
				TargetAttributes = {
					25767B5923D478580024CAD9 = {
						CreatedOnToolsVersion = 11.3.1;
					};
					25767B6F23D478590024CAD9 = {
						CreatedOnToolsVersion = 11.3.1;
						TestTargetID = 25767B5923D478580024CAD9;
					};
					25767B7A23D478590024CAD9 = {
						CreatedOnToolsVersion = 11.3.1;
						TestTargetID = 25767B5923D478580024CAD9;
					};
				};
			};
			buildConfigurationList = 25767B5523D478580024CAD9 /* Build configuration list for PBXProject "MVVM-C" */;
			compatibilityVersion = "Xcode 9.3";
			developmentRegion = en;
			hasScannedForEncodings = 0;
			knownRegions = (
				en,
				Base,
			);
			mainGroup = 25767B5123D478580024CAD9;
			productRefGroup = 25767B5B23D478580024CAD9 /* Products */;
			projectDirPath = "";
			projectRoot = "";
			targets = (
				25767B5923D478580024CAD9 /* MVVM-C */,
				25767B6F23D478590024CAD9 /* MVVM-CTests */,
				25767B7A23D478590024CAD9 /* MVVM-CUITests */,
			);
		};
/* End PBXProject section */

/* Begin PBXResourcesBuildPhase section */
		25767B5823D478580024CAD9 /* Resources */ = {
			isa = PBXResourcesBuildPhase;
			buildActionMask = 2147483647;
			files = (
				25767B6A23D478590024CAD9 /* LaunchScreen.storyboard in Resources */,
				25767BA023D48AA00024CAD9 /* output.xcfilelist in Resources */,
				25767B9D23D48A230024CAD9 /* input.xcfilelist in Resources */,
				25767B6723D478580024CAD9 /* Assets.xcassets in Resources */,
				25767B6523D478580024CAD9 /* Main.storyboard in Resources */,
			);
			runOnlyForDeploymentPostprocessing = 0;
		};
		25767B6E23D478590024CAD9 /* Resources */ = {
			isa = PBXResourcesBuildPhase;
			buildActionMask = 2147483647;
			files = (
			);
			runOnlyForDeploymentPostprocessing = 0;
		};
		25767B7923D478590024CAD9 /* Resources */ = {
			isa = PBXResourcesBuildPhase;
			buildActionMask = 2147483647;
			files = (
			);
			runOnlyForDeploymentPostprocessing = 0;
		};
/* End PBXResourcesBuildPhase section */

/* Begin PBXShellScriptBuildPhase section */
		25767B9B23D488580024CAD9 /* ShellScript */ = {
			isa = PBXShellScriptBuildPhase;
			buildActionMask = 2147483647;
			files = (
			);
			inputFileListPaths = (
				"$(SRCROOT)/input.xcfilelist",
			);
			inputPaths = (
			);
			outputFileListPaths = (
				"$(SRCROOT)/output.xcfilelist",
			);
			outputPaths = (
			);
			runOnlyForDeploymentPostprocessing = 0;
			shellPath = /bin/sh;
			shellScript = "# Type a script or drag a script file from your workspace to insert its path.\n/usr/local/bin/carthage copy-frameworks\n";
		};
/* End PBXShellScriptBuildPhase section */

/* Begin PBXSourcesBuildPhase section */
		25767B5623D478580024CAD9 /* Sources */ = {
			isa = PBXSourcesBuildPhase;
			buildActionMask = 2147483647;
			files = (
				259D62B823D5CC2000579F9F /* Recorder.swift in Sources */,
				25767B6223D478580024CAD9 /* ViewController.swift in Sources */,
				25767B5E23D478580024CAD9 /* AppDelegate.swift in Sources */,
				2586246323D71F3D00500030 /* RecordViewController.swift in Sources */,
				259D62B623D5CC1B00579F9F /* Utilities.swift in Sources */,
				259D62BA23D5CC2300579F9F /* Player.swift in Sources */,
				25767B6023D478580024CAD9 /* SceneDelegate.swift in Sources */,
			);
			runOnlyForDeploymentPostprocessing = 0;
		};
		25767B6C23D478590024CAD9 /* Sources */ = {
			isa = PBXSourcesBuildPhase;
			buildActionMask = 2147483647;
			files = (
				25767B7523D478590024CAD9 /* MVVM_CTests.swift in Sources */,
			);
			runOnlyForDeploymentPostprocessing = 0;
		};
		25767B7723D478590024CAD9 /* Sources */ = {
			isa = PBXSourcesBuildPhase;
			buildActionMask = 2147483647;
			files = (
				25767B8023D478590024CAD9 /* MVVM_CUITests.swift in Sources */,
			);
			runOnlyForDeploymentPostprocessing = 0;
		};
/* End PBXSourcesBuildPhase section */

/* Begin PBXTargetDependency section */
		25767B7223D478590024CAD9 /* PBXTargetDependency */ = {
			isa = PBXTargetDependency;
			target = 25767B5923D478580024CAD9 /* MVVM-C */;
			targetProxy = 25767B7123D478590024CAD9 /* PBXContainerItemProxy */;
		};
		25767B7D23D478590024CAD9 /* PBXTargetDependency */ = {
			isa = PBXTargetDependency;
			target = 25767B5923D478580024CAD9 /* MVVM-C */;
			targetProxy = 25767B7C23D478590024CAD9 /* PBXContainerItemProxy */;
		};
/* End PBXTargetDependency section */

/* Begin PBXVariantGroup section */
		25767B6323D478580024CAD9 /* Main.storyboard */ = {
			isa = PBXVariantGroup;
			children = (
				25767B6423D478580024CAD9 /* Base */,
			);
			name = Main.storyboard;
			sourceTree = "<group>";
		};
		25767B6823D478590024CAD9 /* LaunchScreen.storyboard */ = {
			isa = PBXVariantGroup;
			children = (
				25767B6923D478590024CAD9 /* Base */,
			);
			name = LaunchScreen.storyboard;
			sourceTree = "<group>";
		};
/* End PBXVariantGroup section */

/* Begin XCBuildConfiguration section */
		25767B8223D478590024CAD9 /* Debug */ = {
			isa = XCBuildConfiguration;
			buildSettings = {
				ALWAYS_SEARCH_USER_PATHS = NO;
				CLANG_ANALYZER_NONNULL = YES;
				CLANG_ANALYZER_NUMBER_OBJECT_CONVERSION = YES_AGGRESSIVE;
				CLANG_CXX_LANGUAGE_STANDARD = "gnu++14";
				CLANG_CXX_LIBRARY = "libc++";
				CLANG_ENABLE_MODULES = YES;
				CLANG_ENABLE_OBJC_ARC = YES;
				CLANG_ENABLE_OBJC_WEAK = YES;
				CLANG_WARN_BLOCK_CAPTURE_AUTORELEASING = YES;
				CLANG_WARN_BOOL_CONVERSION = YES;
				CLANG_WARN_COMMA = YES;
				CLANG_WARN_CONSTANT_CONVERSION = YES;
				CLANG_WARN_DEPRECATED_OBJC_IMPLEMENTATIONS = YES;
				CLANG_WARN_DIRECT_OBJC_ISA_USAGE = YES_ERROR;
				CLANG_WARN_DOCUMENTATION_COMMENTS = YES;
				CLANG_WARN_EMPTY_BODY = YES;
				CLANG_WARN_ENUM_CONVERSION = YES;
				CLANG_WARN_INFINITE_RECURSION = YES;
				CLANG_WARN_INT_CONVERSION = YES;
				CLANG_WARN_NON_LITERAL_NULL_CONVERSION = YES;
				CLANG_WARN_OBJC_IMPLICIT_RETAIN_SELF = YES;
				CLANG_WARN_OBJC_LITERAL_CONVERSION = YES;
				CLANG_WARN_OBJC_ROOT_CLASS = YES_ERROR;
				CLANG_WARN_RANGE_LOOP_ANALYSIS = YES;
				CLANG_WARN_STRICT_PROTOTYPES = YES;
				CLANG_WARN_SUSPICIOUS_MOVE = YES;
				CLANG_WARN_UNGUARDED_AVAILABILITY = YES_AGGRESSIVE;
				CLANG_WARN_UNREACHABLE_CODE = YES;
				CLANG_WARN__DUPLICATE_METHOD_MATCH = YES;
				COPY_PHASE_STRIP = NO;
				DEBUG_INFORMATION_FORMAT = dwarf;
				ENABLE_STRICT_OBJC_MSGSEND = YES;
				ENABLE_TESTABILITY = YES;
				GCC_C_LANGUAGE_STANDARD = gnu11;
				GCC_DYNAMIC_NO_PIC = NO;
				GCC_NO_COMMON_BLOCKS = YES;
				GCC_OPTIMIZATION_LEVEL = 0;
				GCC_PREPROCESSOR_DEFINITIONS = (
					"DEBUG=1",
					"$(inherited)",
				);
				GCC_WARN_64_TO_32_BIT_CONVERSION = YES;
				GCC_WARN_ABOUT_RETURN_TYPE = YES_ERROR;
				GCC_WARN_UNDECLARED_SELECTOR = YES;
				GCC_WARN_UNINITIALIZED_AUTOS = YES_AGGRESSIVE;
				GCC_WARN_UNUSED_FUNCTION = YES;
				GCC_WARN_UNUSED_VARIABLE = YES;
				IPHONEOS_DEPLOYMENT_TARGET = 13.2;
				MTL_ENABLE_DEBUG_INFO = INCLUDE_SOURCE;
				MTL_FAST_MATH = YES;
				ONLY_ACTIVE_ARCH = YES;
				SDKROOT = iphoneos;
				SWIFT_ACTIVE_COMPILATION_CONDITIONS = DEBUG;
				SWIFT_OPTIMIZATION_LEVEL = "-Onone";
			};
			name = Debug;
		};
		25767B8323D478590024CAD9 /* Release */ = {
			isa = XCBuildConfiguration;
			buildSettings = {
				ALWAYS_SEARCH_USER_PATHS = NO;
				CLANG_ANALYZER_NONNULL = YES;
				CLANG_ANALYZER_NUMBER_OBJECT_CONVERSION = YES_AGGRESSIVE;
				CLANG_CXX_LANGUAGE_STANDARD = "gnu++14";
				CLANG_CXX_LIBRARY = "libc++";
				CLANG_ENABLE_MODULES = YES;
				CLANG_ENABLE_OBJC_ARC = YES;
				CLANG_ENABLE_OBJC_WEAK = YES;
				CLANG_WARN_BLOCK_CAPTURE_AUTORELEASING = YES;
				CLANG_WARN_BOOL_CONVERSION = YES;
				CLANG_WARN_COMMA = YES;
				CLANG_WARN_CONSTANT_CONVERSION = YES;
				CLANG_WARN_DEPRECATED_OBJC_IMPLEMENTATIONS = YES;
				CLANG_WARN_DIRECT_OBJC_ISA_USAGE = YES_ERROR;
				CLANG_WARN_DOCUMENTATION_COMMENTS = YES;
				CLANG_WARN_EMPTY_BODY = YES;
				CLANG_WARN_ENUM_CONVERSION = YES;
				CLANG_WARN_INFINITE_RECURSION = YES;
				CLANG_WARN_INT_CONVERSION = YES;
				CLANG_WARN_NON_LITERAL_NULL_CONVERSION = YES;
				CLANG_WARN_OBJC_IMPLICIT_RETAIN_SELF = YES;
				CLANG_WARN_OBJC_LITERAL_CONVERSION = YES;
				CLANG_WARN_OBJC_ROOT_CLASS = YES_ERROR;
				CLANG_WARN_RANGE_LOOP_ANALYSIS = YES;
				CLANG_WARN_STRICT_PROTOTYPES = YES;
				CLANG_WARN_SUSPICIOUS_MOVE = YES;
				CLANG_WARN_UNGUARDED_AVAILABILITY = YES_AGGRESSIVE;
				CLANG_WARN_UNREACHABLE_CODE = YES;
				CLANG_WARN__DUPLICATE_METHOD_MATCH = YES;
				COPY_PHASE_STRIP = NO;
				DEBUG_INFORMATION_FORMAT = "dwarf-with-dsym";
				ENABLE_NS_ASSERTIONS = NO;
				ENABLE_STRICT_OBJC_MSGSEND = YES;
				GCC_C_LANGUAGE_STANDARD = gnu11;
				GCC_NO_COMMON_BLOCKS = YES;
				GCC_WARN_64_TO_32_BIT_CONVERSION = YES;
				GCC_WARN_ABOUT_RETURN_TYPE = YES_ERROR;
				GCC_WARN_UNDECLARED_SELECTOR = YES;
				GCC_WARN_UNINITIALIZED_AUTOS = YES_AGGRESSIVE;
				GCC_WARN_UNUSED_FUNCTION = YES;
				GCC_WARN_UNUSED_VARIABLE = YES;
				IPHONEOS_DEPLOYMENT_TARGET = 13.2;
				MTL_ENABLE_DEBUG_INFO = NO;
				MTL_FAST_MATH = YES;
				SDKROOT = iphoneos;
				SWIFT_COMPILATION_MODE = wholemodule;
				SWIFT_OPTIMIZATION_LEVEL = "-O";
				VALIDATE_PRODUCT = YES;
			};
			name = Release;
		};
		25767B8523D478590024CAD9 /* Debug */ = {
			isa = XCBuildConfiguration;
			buildSettings = {
				ASSETCATALOG_COMPILER_APPICON_NAME = AppIcon;
				CODE_SIGN_STYLE = Automatic;
				DEVELOPMENT_TEAM = 756EQYY32S;
				FRAMEWORK_SEARCH_PATHS = (
					"$(inherited)",
					"$(PROJECT_DIR)/Carthage/Build/iOS",
				);
				INFOPLIST_FILE = "MVVM-C/Info.plist";
				LD_RUNPATH_SEARCH_PATHS = (
					"$(inherited)",
					"@executable_path/Frameworks",
				);
				PRODUCT_BUNDLE_IDENTIFIER = "name.nxw.recordings.MVVM-C";
				PRODUCT_NAME = "$(TARGET_NAME)";
				SWIFT_VERSION = 5.0;
				TARGETED_DEVICE_FAMILY = "1,2";
			};
			name = Debug;
		};
		25767B8623D478590024CAD9 /* Release */ = {
			isa = XCBuildConfiguration;
			buildSettings = {
				ASSETCATALOG_COMPILER_APPICON_NAME = AppIcon;
				CODE_SIGN_STYLE = Automatic;
				DEVELOPMENT_TEAM = 756EQYY32S;
				FRAMEWORK_SEARCH_PATHS = (
					"$(inherited)",
					"$(PROJECT_DIR)/Carthage/Build/iOS",
				);
				INFOPLIST_FILE = "MVVM-C/Info.plist";
				LD_RUNPATH_SEARCH_PATHS = (
					"$(inherited)",
					"@executable_path/Frameworks",
				);
				PRODUCT_BUNDLE_IDENTIFIER = "name.nxw.recordings.MVVM-C";
				PRODUCT_NAME = "$(TARGET_NAME)";
				SWIFT_VERSION = 5.0;
				TARGETED_DEVICE_FAMILY = "1,2";
			};
			name = Release;
		};
		25767B8823D478590024CAD9 /* Debug */ = {
			isa = XCBuildConfiguration;
			buildSettings = {
				ALWAYS_EMBED_SWIFT_STANDARD_LIBRARIES = YES;
				BUNDLE_LOADER = "$(TEST_HOST)";
				CODE_SIGN_STYLE = Automatic;
				DEVELOPMENT_TEAM = 756EQYY32S;
				INFOPLIST_FILE = "MVVM-CTests/Info.plist";
				IPHONEOS_DEPLOYMENT_TARGET = 13.2;
				LD_RUNPATH_SEARCH_PATHS = (
					"$(inherited)",
					"@executable_path/Frameworks",
					"@loader_path/Frameworks",
				);
				PRODUCT_BUNDLE_IDENTIFIER = "name.nxw.recordings.MVVM-CTests";
				PRODUCT_NAME = "$(TARGET_NAME)";
				SWIFT_VERSION = 5.0;
				TARGETED_DEVICE_FAMILY = "1,2";
				TEST_HOST = "$(BUILT_PRODUCTS_DIR)/MVVM-C.app/MVVM-C";
			};
			name = Debug;
		};
		25767B8923D478590024CAD9 /* Release */ = {
			isa = XCBuildConfiguration;
			buildSettings = {
				ALWAYS_EMBED_SWIFT_STANDARD_LIBRARIES = YES;
				BUNDLE_LOADER = "$(TEST_HOST)";
				CODE_SIGN_STYLE = Automatic;
				DEVELOPMENT_TEAM = 756EQYY32S;
				INFOPLIST_FILE = "MVVM-CTests/Info.plist";
				IPHONEOS_DEPLOYMENT_TARGET = 13.2;
				LD_RUNPATH_SEARCH_PATHS = (
					"$(inherited)",
					"@executable_path/Frameworks",
					"@loader_path/Frameworks",
				);
				PRODUCT_BUNDLE_IDENTIFIER = "name.nxw.recordings.MVVM-CTests";
				PRODUCT_NAME = "$(TARGET_NAME)";
				SWIFT_VERSION = 5.0;
				TARGETED_DEVICE_FAMILY = "1,2";
				TEST_HOST = "$(BUILT_PRODUCTS_DIR)/MVVM-C.app/MVVM-C";
			};
			name = Release;
		};
		25767B8B23D478590024CAD9 /* Debug */ = {
			isa = XCBuildConfiguration;
			buildSettings = {
				ALWAYS_EMBED_SWIFT_STANDARD_LIBRARIES = YES;
				CODE_SIGN_STYLE = Automatic;
				DEVELOPMENT_TEAM = 756EQYY32S;
				INFOPLIST_FILE = "MVVM-CUITests/Info.plist";
				LD_RUNPATH_SEARCH_PATHS = (
					"$(inherited)",
					"@executable_path/Frameworks",
					"@loader_path/Frameworks",
				);
				PRODUCT_BUNDLE_IDENTIFIER = "name.nxw.recordings.MVVM-CUITests";
				PRODUCT_NAME = "$(TARGET_NAME)";
				SWIFT_VERSION = 5.0;
				TARGETED_DEVICE_FAMILY = "1,2";
				TEST_TARGET_NAME = "MVVM-C";
			};
			name = Debug;
		};
		25767B8C23D478590024CAD9 /* Release */ = {
			isa = XCBuildConfiguration;
			buildSettings = {
				ALWAYS_EMBED_SWIFT_STANDARD_LIBRARIES = YES;
				CODE_SIGN_STYLE = Automatic;
				DEVELOPMENT_TEAM = 756EQYY32S;
				INFOPLIST_FILE = "MVVM-CUITests/Info.plist";
				LD_RUNPATH_SEARCH_PATHS = (
					"$(inherited)",
					"@executable_path/Frameworks",
					"@loader_path/Frameworks",
				);
				PRODUCT_BUNDLE_IDENTIFIER = "name.nxw.recordings.MVVM-CUITests";
				PRODUCT_NAME = "$(TARGET_NAME)";
				SWIFT_VERSION = 5.0;
				TARGETED_DEVICE_FAMILY = "1,2";
				TEST_TARGET_NAME = "MVVM-C";
			};
			name = Release;
		};
/* End XCBuildConfiguration section */

/* Begin XCConfigurationList section */
		25767B5523D478580024CAD9 /* Build configuration list for PBXProject "MVVM-C" */ = {
			isa = XCConfigurationList;
			buildConfigurations = (
				25767B8223D478590024CAD9 /* Debug */,
				25767B8323D478590024CAD9 /* Release */,
			);
			defaultConfigurationIsVisible = 0;
			defaultConfigurationName = Release;
		};
		25767B8423D478590024CAD9 /* Build configuration list for PBXNativeTarget "MVVM-C" */ = {
			isa = XCConfigurationList;
			buildConfigurations = (
				25767B8523D478590024CAD9 /* Debug */,
				25767B8623D478590024CAD9 /* Release */,
			);
			defaultConfigurationIsVisible = 0;
			defaultConfigurationName = Release;
		};
		25767B8723D478590024CAD9 /* Build configuration list for PBXNativeTarget "MVVM-CTests" */ = {
			isa = XCConfigurationList;
			buildConfigurations = (
				25767B8823D478590024CAD9 /* Debug */,
				25767B8923D478590024CAD9 /* Release */,
			);
			defaultConfigurationIsVisible = 0;
			defaultConfigurationName = Release;
		};
		25767B8A23D478590024CAD9 /* Build configuration list for PBXNativeTarget "MVVM-CUITests" */ = {
			isa = XCConfigurationList;
			buildConfigurations = (
				25767B8B23D478590024CAD9 /* Debug */,
				25767B8C23D478590024CAD9 /* Release */,
			);
			defaultConfigurationIsVisible = 0;
			defaultConfigurationName = Release;
		};
/* End XCConfigurationList section */
	};
	rootObject = 25767B5223D478580024CAD9 /* Project object */;
}
